github.com/JorjaFox/mod-bs5-lightbox v0.0.2-0.20240802170953-f7d9633ac6a4 h1:N2k5T5fKdbrcMoCCiA/UfumXksPc5wYeFvsjFqYYaFg=
github.com/JorjaFox/mod-bs5-lightbox v0.0.2-0.20240802170953-f7d9633ac6a4/go.mod h1:WboKucxtvOtxdSG4aVA6End1RpsrSmPE0zGnALIQ7qM=
github.com/JorjaFox/mod-bs5-lightbox v0.0.2-0.20240802174512-08556e36ced2 h1:ZWfX4lg0FKwhR7grdtQGphzimOIhSPucp5GfFxcHH8k=
github.com/JorjaFox/mod-bs5-lightbox v0.0.2-0.20240802174512-08556e36ced2/go.mod h1:WboKucxtvOtxdSG4aVA6End1RpsrSmPE0zGnALIQ7qM=
github.com/JorjaFox/mod-bs5-lightbox v0.0.2-0.20240802180923-7dd0f4b20617 h1:d142QQaxirfMHazcvu0RagxWUYcj6MltwFGd6j0Vl2U=
github.com/JorjaFox/mod-bs5-lightbox v0.0.2-0.20240802180923-7dd0f4b20617/go.mod h1:WboKucxtvOtxdSG4aVA6End1RpsrSmPE0zGnALIQ7qM=
github.com/JorjaFox/mod-bs5-lightbox v0.0.2-0.20240802194911-f68a4a05edc1 h1:gMtTP8qsqZmm7D4gL5Xha7PThFCFlE/rRuSn8ixNEBs=
github.com/JorjaFox/mod-bs5-lightbox v0.0.2-0.20240802194911-f68a4a05edc1/go.mod h1:WboKucxtvOtxdSG4aVA6End1RpsrSmPE0zGnALIQ7qM=
github.com/JorjaFox/mod-bs5-lightbox v0.0.2-0.20240802203050-e6e4107c3ab7 h1:5Z+cKyt2BSfAT8CrlgEF45aWr9OzYK0GPw0qUA0cWog=
github.com/JorjaFox/mod-bs5-lightbox v0.0.2-0.20240802203050-e6e4107c3ab7/go.mod h1:WboKucxtvOtxdSG4aVA6End1RpsrSmPE0zGnALIQ7qM=
github.com/JorjaFox/mod-bs5-lightbox v0.0.2-0.20240802203401-0fecd848ad4d h1:r2wJ2JYzL/apnwdUDCVydagNiJQ3CN8xrrFGVPxYQBc=
github.com/JorjaFox/mod-bs5-lightbox v0.0.2-0.20240802203401-0fecd848ad4d/go.mod h1:WboKucxtvOtxdSG4aVA6End1RpsrSmPE0zGnALIQ7qM=
github.com/airbnb/lottie-web v5.12.2+incompatible h1:Ldogtlhiucf7mMsgisyxSBY0qunV44+lpa9Icy2KoQc=
github.com/airbnb/lottie-web v5.12.2+incompatible/go.mod h1:nTss557UK9FGnp8QYlCMO29tjUHwbdAHG/DprbGfHGE=
github.com/gethinode/hinode v0.24.16 h1:h1D6OsWSTr3Q3cO1qDmTVetvOx6nfBTSLGP6wxf8qh4=
github.com/gethinode/hinode v0.24.16/go.mod h1:ZVv9jOsrthbcCtiFditYgm5j/5DPKZdIggme/fSFJkw=
github.com/gethinode/hinode v0.24.19 h1:X/0bDmu+fen/dSVnsqXJJ9aVQNvwh0vx+qjl76xOa4s=
github.com/gethinode/hinode v0.24.19/go.mod h1:5ugWbGrG0Cq+9PRqh9G/W5ZUtkK7oWOLU2n52Bw9mh0=
github.com/gethinode/hinode v0.24.20 h1:+7R1mrBk37A4L2WJGXZ5F1X8iw0OJ3gnycWkQFcbUbA=
github.com/gethinode/hinode v0.24.20/go.mod h1:5ugWbGrG0Cq+9PRqh9G/W5ZUtkK7oWOLU2n52Bw9mh0=
github.com/gethinode/hinode v0.24.24 h1:fjfjOF0oK3S7yjCGXM3jWYE7umAvd696iloNeJFpz+E=
github.com/gethinode/hinode v0.24.24/go.mod h1:5ugWbGrG0Cq+9PRqh9G/W5ZUtkK7oWOLU2n52Bw9mh0=
github.com/gethinode/hinode v0.25.1 h1:sxHnKmvsGhEmzVn3VVADS0G982hFN/V1BjyGaNmCdaI=
github.com/gethinode/hinode v0.25.1/go.mod h1:QAky2N8UYmMzALmCCa9hilOyNB9WXZlk2ci+YfFVFZI=
github.com/gethinode/mod-bootstrap v1.3.1 h1:ZUX72St0WZ5tyXpEPBJlayX/dmCH3cGErzsozkUKCok=
github.com/gethinode/mod-bootstrap v1.3.1/go.mod h1:CL9IDot6nbXIWJYE/KxfsTdYYEJIGL17BXbAYPn+wVQ=
github.com/gethinode/mod-flexsearch v1.12.1 h1:clkGUWaNPe9Dt/66Apy7oH9NwVQfnD6OpGSLffeC9sY=
github.com/gethinode/mod-flexsearch v1.12.1/go.mod h1:L8hrnpupx27cez2ObMX8gWnhbW6qss4HGH1Ea4UaBRQ=
github.com/gethinode/mod-fontawesome v1.9.1 h1:cQk84vriqffM4fuUUoM9j3SSD+3ppeW2j4ta7AiToMU=
github.com/gethinode/mod-fontawesome v1.9.1/go.mod h1:xBKsZH3WJtMOItZVlp9SbO51uaBy6IbvUZSKpNu3b6Y=
github.com/gethinode/mod-katex v1.1.1 h1:z8+mfVI6UTWcfpQMVPIzxQzt6Lp9BcmXxSOILQ84qFg=
github.com/gethinode/mod-katex v1.1.1/go.mod h1:byAfpI3wuqNJIooTGVEGc1cjBhhCy4+CcK1H6495MYg=
github.com/gethinode/mod-leaflet v1.1.1 h1:AIHR4k8SjmeoZxtjLgSS6/N3jKeZNZGdZTgu/7MwP4c=
github.com/gethinode/mod-leaflet v1.1.1/go.mod h1:Ei0x9WiL7Dbi4JeG6yI1CE63bT1QJ8sKi67Jea1wFSE=
github.com/gethinode/mod-lottie v1.5.6 h1:dxz5nmD0XXEt/DAOc1s5fIPynj5bhzDL32EEwLFCSmk=
github.com/gethinode/mod-lottie v1.5.6/go.mod h1:VTvBxD8VokICwnEqM0VUZFZHBYxLf4/grDFQyEh1DL0=
github.com/gethinode/mod-simple-datatables v1.0.5 h1:2Aa4k1Bd1WEYHbskFQj+1X35BB7abB8RXHE7Uk2N4pg=
github.com/gethinode/mod-simple-datatables v1.0.5/go.mod h1:mmrcvAJU2i3SMU56VmQ5PW43uDXBcsJKcZwCHrvl3Kc=
github.com/gethinode/mod-utils/v2 v2.3.10 h1:+coUXdgAbLEE8Tvb3Rfk/1Nr6oDVreXI2sil0pa/n2Q=
github.com/gethinode/mod-utils/v2 v2.3.10/go.mod h1:GTYeknoLujNjfDxI+V9Dcug26CYJSTJ0B/U2dagw9oY=
github.com/myrthos/mod-mgallery v0.1.10 h1:56wo1h07DNGtz5X2EvKWbq92iKmF4IET1gxrVhPXOdE=
github.com/myrthos/mod-mgallery v0.1.10/go.mod h1:VqXPYp9gY+dxGQw+TP9zVgqgEHJFvlhL8Hhzar8CZAs=
github.com/nextapps-de/flexsearch v0.0.0-20240501124520-961c3ae84a87 h1:6PNbL0/LxO8Xl8MZSe5uvCidYNpFTz9nlWTqj2qdlzA=
github.com/nextapps-de/flexsearch v0.0.0-20240501124520-961c3ae84a87/go.mod h1:5GdMfPAXzbA2gXBqTjC6l27kioSYzHlqDMh0+wyx7sU=
github.com/twbs/bootstrap v5.3.3+incompatible h1:goFoqinzdHfkeegpFP7pvhbd0g+A3O2hbU3XCjuNrEQ=
github.com/twbs/bootstrap v5.3.3+incompatible/go.mod h1:fZTSrkpSf0/HkL0IIJzvVspTt1r9zuf7XlZau8kpcY0=
